// !$*UTF8*$!
{
	archiveVersion = 1;
	classes = {
	};
	objectVersion = 46;
	objects = {

/* Begin PBXBuildFile section */
		6322DABA1DAC1F1200C16F3C /* AppDelegate.swift in Sources */ = {isa = PBXBuildFile; fileRef = 6322DAB91DAC1F1200C16F3C /* AppDelegate.swift */; };
		6322DABF1DAC1F1200C16F3C /* Main.storyboard in Resources */ = {isa = PBXBuildFile; fileRef = 6322DABD1DAC1F1200C16F3C /* Main.storyboard */; };
		6322DAC11DAC1F1200C16F3C /* Assets.xcassets in Resources */ = {isa = PBXBuildFile; fileRef = 6322DAC01DAC1F1200C16F3C /* Assets.xcassets */; };
		6322DAC41DAC1F1200C16F3C /* LaunchScreen.storyboard in Resources */ = {isa = PBXBuildFile; fileRef = 6322DAC21DAC1F1200C16F3C /* LaunchScreen.storyboard */; };
		6322DACC1DAC1FEC00C16F3C /* PageVC.swift in Sources */ = {isa = PBXBuildFile; fileRef = 6322DACB1DAC1FEC00C16F3C /* PageVC.swift */; };
/* End PBXBuildFile section */

/* Begin PBXFileReference section */
		6322DAB61DAC1F1100C16F3C /* PageViewControllerTutorial.app */ = {isa = PBXFileReference; explicitFileType = wrapper.application; includeInIndex = 0; path = PageViewControllerTutorial.app; sourceTree = BUILT_PRODUCTS_DIR; };
		6322DAB91DAC1F1200C16F3C /* AppDelegate.swift */ = {isa = PBXFileReference; lastKnownFileType = sourcecode.swift; path = AppDelegate.swift; sourceTree = "<group>"; };
		6322DABE1DAC1F1200C16F3C /* Base */ = {isa = PBXFileReference; lastKnownFileType = file.storyboard; name = Base; path = Base.lproj/Main.storyboard; sourceTree = "<group>"; };
		6322DAC01DAC1F1200C16F3C /* Assets.xcassets */ = {isa = PBXFileReference; lastKnownFileType = folder.assetcatalog; path = Assets.xcassets; sourceTree = "<group>"; };
		6322DAC31DAC1F1200C16F3C /* Base */ = {isa = PBXFileReference; lastKnownFileType = file.storyboard; name = Base; path = Base.lproj/LaunchScreen.storyboard; sourceTree = "<group>"; };
		6322DAC51DAC1F1200C16F3C /* Info.plist */ = {isa = PBXFileReference; lastKnownFileType = text.plist.xml; path = Info.plist; sourceTree = "<group>"; };
		6322DACB1DAC1FEC00C16F3C /* PageVC.swift */ = {isa = PBXFileReference; fileEncoding = 4; lastKnownFileType = sourcecode.swift; path = PageVC.swift; sourceTree = "<group>"; };
/* End PBXFileReference section */

/* Begin PBXFrameworksBuildPhase section */
		6322DAB31DAC1F1100C16F3C /* Frameworks */ = {
			isa = PBXFrameworksBuildPhase;
			buildActionMask = 2147483647;
			files = (
			);
			runOnlyForDeploymentPostprocessing = 0;
		};
/* End PBXFrameworksBuildPhase section */

/* Begin PBXGroup section */
		6322DAAD1DAC1F1100C16F3C = {
			isa = PBXGroup;
			children = (
				6322DAB81DAC1F1100C16F3C /* PageViewControllerTutorial */,
				6322DAB71DAC1F1100C16F3C /* Products */,
			);
			sourceTree = "<group>";
		};
		6322DAB71DAC1F1100C16F3C /* Products */ = {
			isa = PBXGroup;
			children = (
				6322DAB61DAC1F1100C16F3C /* PageViewControllerTutorial.app */,
			);
			name = Products;
			sourceTree = "<group>";
		};
		6322DAB81DAC1F1100C16F3C /* PageViewControllerTutorial */ = {
			isa = PBXGroup;
			children = (
				6322DAB91DAC1F1200C16F3C /* AppDelegate.swift */,
				6322DABD1DAC1F1200C16F3C /* Main.storyboard */,
				6322DAC01DAC1F1200C16F3C /* Assets.xcassets */,
				6322DAC21DAC1F1200C16F3C /* LaunchScreen.storyboard */,
				6322DAC51DAC1F1200C16F3C /* Info.plist */,
				6322DACB1DAC1FEC00C16F3C /* PageVC.swift */,
			);
			path = PageViewControllerTutorial;
			sourceTree = "<group>";
		};
/* End PBXGroup section */

/* Begin PBXNativeTarget section */
		6322DAB51DAC1F1100C16F3C /* PageViewControllerTutorial */ = {
			isa = PBXNativeTarget;
			buildConfigurationList = 6322DAC81DAC1F1200C16F3C /* Build configuration list for PBXNativeTarget "PageViewControllerTutorial" */;
			buildPhases = (
				6322DAB21DAC1F1100C16F3C /* Sources */,
				6322DAB31DAC1F1100C16F3C /* Frameworks */,
				6322DAB41DAC1F1100C16F3C /* Resources */,
			);
			buildRules = (
			);
			dependencies = (
			);
			name = PageViewControllerTutorial;
			productName = PageViewControllerTutorial;
			productReference = 6322DAB61DAC1F1100C16F3C /* PageViewControllerTutorial.app */;
			productType = "com.apple.product-type.application";
		};
/* End PBXNativeTarget section */

/* Begin PBXProject section */
		6322DAAE1DAC1F1100C16F3C /* Project object */ = {
			isa = PBXProject;
			attributes = {
				LastSwiftUpdateCheck = 0800;
				LastUpgradeCheck = 0800;
				ORGANIZATIONNAME = "Vladimir Romanov";
				TargetAttributes = {
					6322DAB51DAC1F1100C16F3C = {
						CreatedOnToolsVersion = 8.0;
						DevelopmentTeam = 6A69PZY62Z;
						ProvisioningStyle = Automatic;
					};
				};
			};
			buildConfigurationList = 6322DAB11DAC1F1100C16F3C /* Build configuration list for PBXProject "PageViewControllerTutorial" */;
			compatibilityVersion = "Xcode 3.2";
			developmentRegion = English;
			hasScannedForEncodings = 0;
			knownRegions = (
				en,
				Base,
			);
			mainGroup = 6322DAAD1DAC1F1100C16F3C;
			productRefGroup = 6322DAB71DAC1F1100C16F3C /* Products */;
			projectDirPath = "";
			projectRoot = "";
			targets = (
				6322DAB51DAC1F1100C16F3C /* PageViewControllerTutorial */,
			);
		};
/* End PBXProject section */

/* Begin PBXResourcesBuildPhase section */
		6322DAB41DAC1F1100C16F3C /* Resources */ = {
			isa = PBXResourcesBuildPhase;
			buildActionMask = 2147483647;
			files = (
				6322DAC41DAC1F1200C16F3C /* LaunchScreen.storyboard in Resources */,
				6322DAC11DAC1F1200C16F3C /* Assets.xcassets in Resources */,
				6322DABF1DAC1F1200C16F3C /* Main.storyboard in Resources */,
			);
			runOnlyForDeploymentPostprocessing = 0;
		};
/* End PBXResourcesBuildPhase section */

/* Begin PBXSourcesBuildPhase section */
		6322DAB21DAC1F1100C16F3C /* Sources */ = {
			isa = PBXSourcesBuildPhase;
			buildActionMask = 2147483647;
			files = (
				6322DABA1DAC1F1200C16F3C /* AppDelegate.swift in Sources */,
				6322DACC1DAC1FEC00C16F3C /* PageVC.swift in Sources */,
			);
			runOnlyForDeploymentPostprocessing = 0;
		};
/* End PBXSourcesBuildPhase section */

/* Begin PBXVariantGroup section */
		6322DABD1DAC1F1200C16F3C /* Main.storyboard */ = {
			isa = PBXVariantGroup;
			children = (
				6322DABE1DAC1F1200C16F3C /* Base */,
			);
			name = Main.storyboard;
			sourceTree = "<group>";
		};
		6322DAC21DAC1F1200C16F3C /* LaunchScreen.storyboard */ = {
			isa = PBXVariantGroup;
			children = (
				6322DAC31DAC1F1200C16F3C /* Base */,
			);
			name = LaunchScreen.storyboard;
			sourceTree = "<group>";
		};
/* End PBXVariantGroup section */

/* Begin XCBuildConfiguration section */
		6322DAC61DAC1F1200C16F3C /* Debug */ = {
			isa = XCBuildConfiguration;
			buildSettings = {
				ALWAYS_SEARCH_USER_PATHS = NO;
				CLANG_ANALYZER_NONNULL = YES;
				CLANG_CXX_LANGUAGE_STANDARD = "gnu++0x";
				CLANG_CXX_LIBRARY = "libc++";
				CLANG_ENABLE_MODULES = YES;
				CLANG_ENABLE_OBJC_ARC = YES;
				CLANG_WARN_BOOL_CONVERSION = YES;
				CLANG_WARN_CONSTANT_CONVERSION = YES;
				CLANG_WARN_DIRECT_OBJC_ISA_USAGE = YES_ERROR;
				CLANG_WARN_DOCUMENTATION_COMMENTS = YES;
				CLANG_WARN_EMPTY_BODY = YES;
				CLANG_WARN_ENUM_CONVERSION = YES;
				CLANG_WARN_INFINITE_RECURSION = YES;
				CLANG_WARN_INT_CONVERSION = YES;
				CLANG_WARN_OBJC_ROOT_CLASS = YES_ERROR;
				CLANG_WARN_SUSPICIOUS_MOVES = YES;
				CLANG_WARN_UNREACHABLE_CODE = YES;
				CLANG_WARN__DUPLICATE_METHOD_MATCH = YES;
				"CODE_SIGN_IDENTITY[sdk=iphoneos*]" = "iPhone Developer";
				COPY_PHASE_STRIP = NO;
				DEBUG_INFORMATION_FORMAT = dwarf;
				ENABLE_STRICT_OBJC_MSGSEND = YES;
				ENABLE_TESTABILITY = YES;
				GCC_C_LANGUAGE_STANDARD = gnu99;
				GCC_DYNAMIC_NO_PIC = NO;
				GCC_NO_COMMON_BLOCKS = YES;
				GCC_OPTIMIZATION_LEVEL = 0;
				GCC_PREPROCESSOR_DEFINITIONS = (
					"DEBUG=1",
					"$(inherited)",
				);
				GCC_WARN_64_TO_32_BIT_CONVERSION = YES;
				GCC_WARN_ABOUT_RETURN_TYPE = YES_ERROR;
				GCC_WARN_UNDECLARED_SELECTOR = YES;
				GCC_WARN_UNINITIALIZED_AUTOS = YES_AGGRESSIVE;
				GCC_WARN_UNUSED_FUNCTION = YES;
				GCC_WARN_UNUSED_VARIABLE = YES;
				IPHONEOS_DEPLOYMENT_TARGET = 10.0;
				MTL_ENABLE_DEBUG_INFO = YES;
				ONLY_ACTIVE_ARCH = YES;
				SDKROOT = iphoneos;
				SWIFT_ACTIVE_COMPILATION_CONDITIONS = DEBUG;
				SWIFT_OPTIMIZATION_LEVEL = "-Onone";
				TARGETED_DEVICE_FAMILY = "1,2";
			};
			name = Debug;
		};
		6322DAC71DAC1F1200C16F3C /* Release */ = {
			isa = XCBuildConfiguration;
			buildSettings = {
				ALWAYS_SEARCH_USER_PATHS = NO;
				CLANG_ANALYZER_NONNULL = YES;
				CLANG_CXX_LANGUAGE_STANDARD = "gnu++0x";
				CLANG_CXX_LIBRARY = "libc++";
				CLANG_ENABLE_MODULES = YES;
				CLANG_ENABLE_OBJC_ARC = YES;
				CLANG_WARN_BOOL_CONVERSION = YES;
				CLANG_WARN_CONSTANT_CONVERSION = YES;
				CLANG_WARN_DIRECT_OBJC_ISA_USAGE = YES_ERROR;
				CLANG_WARN_DOCUMENTATION_COMMENTS = YES;
				CLANG_WARN_EMPTY_BODY = YES;
				CLANG_WARN_ENUM_CONVERSION = YES;
				CLANG_WARN_INFINITE_RECURSION = YES;
				CLANG_WARN_INT_CONVERSION = YES;
				CLANG_WARN_OBJC_ROOT_CLASS = YES_ERROR;
				CLANG_WARN_SUSPICIOUS_MOVES = YES;
				CLANG_WARN_UNREACHABLE_CODE = YES;
				CLANG_WARN__DUPLICATE_METHOD_MATCH = YES;
				"CODE_SIGN_IDENTITY[sdk=iphoneos*]" = "iPhone Developer";
				COPY_PHASE_STRIP = NO;
				DEBUG_INFORMATION_FORMAT = "dwarf-with-dsym";
				ENABLE_NS_ASSERTIONS = NO;
				ENABLE_STRICT_OBJC_MSGSEND = YES;
				GCC_C_LANGUAGE_STANDARD = gnu99;
				GCC_NO_COMMON_BLOCKS = YES;
				GCC_WARN_64_TO_32_BIT_CONVERSION = YES;
				GCC_WARN_ABOUT_RETURN_TYPE = YES_ERROR;
				GCC_WARN_UNDECLARED_SELECTOR = YES;
				GCC_WARN_UNINITIALIZED_AUTOS = YES_AGGRESSIVE;
				GCC_WARN_UNUSED_FUNCTION = YES;
				GCC_WARN_UNUSED_VARIABLE = YES;
				IPHONEOS_DEPLOYMENT_TARGET = 10.0;
				MTL_ENABLE_DEBUG_INFO = NO;
				SDKROOT = iphoneos;
				SWIFT_OPTIMIZATION_LEVEL = "-Owholemodule";
				TARGETED_DEVICE_FAMILY = "1,2";
				VALIDATE_PRODUCT = YES;
			};
			name = Release;
		};
		6322DAC91DAC1F1200C16F3C /* Debug */ = {
			isa = XCBuildConfiguration;
			buildSettings = {
				ASSETCATALOG_COMPILER_APPICON_NAME = AppIcon;
				DEVELOPMENT_TEAM = 6A69PZY62Z;
				INFOPLIST_FILE = PageViewControllerTutorial/Info.plist;
				LD_RUNPATH_SEARCH_PATHS = "$(inherited) @executable_path/Frameworks";
				PRODUCT_BUNDLE_IDENTIFIER = com.vromanov.PageViewControllerTutorial;
				PRODUCT_NAME = "$(TARGET_NAME)";
				SWIFT_VERSION = 3.0;
			};
			name = Debug;
		};
		6322DACA1DAC1F1200C16F3C /* Release */ = {
			isa = XCBuildConfiguration;
			buildSettings = {
				ASSETCATALOG_COMPILER_APPICON_NAME = AppIcon;
				DEVELOPMENT_TEAM = 6A69PZY62Z;
				INFOPLIST_FILE = PageViewControllerTutorial/Info.plist;
				LD_RUNPATH_SEARCH_PATHS = "$(inherited) @executable_path/Frameworks";
				PRODUCT_BUNDLE_IDENTIFIER = com.vromanov.PageViewControllerTutorial;
				PRODUCT_NAME = "$(TARGET_NAME)";
				SWIFT_VERSION = 3.0;
			};
			name = Release;
		};
/* End XCBuildConfiguration section */

/* Begin XCConfigurationList section */
		6322DAB11DAC1F1100C16F3C /* Build configuration list for PBXProject "PageViewControllerTutorial" */ = {
			isa = XCConfigurationList;
			buildConfigurations = (
				6322DAC61DAC1F1200C16F3C /* Debug */,
				6322DAC71DAC1F1200C16F3C /* Release */,
			);
			defaultConfigurationIsVisible = 0;
			defaultConfigurationName = Release;
		};
		6322DAC81DAC1F1200C16F3C /* Build configuration list for PBXNativeTarget "PageViewControllerTutorial" */ = {
			isa = XCConfigurationList;
			buildConfigurations = (
				6322DAC91DAC1F1200C16F3C /* Debug */,
				6322DACA1DAC1F1200C16F3C /* Release */,
			);
			defaultConfigurationIsVisible = 0;
		};
/* End XCConfigurationList section */
	};
	rootObject = 6322DAAE1DAC1F1100C16F3C /* Project object */;
}
