// !$*UTF8*$!
{
	archiveVersion = 1;
	classes = {
	};
	objectVersion = 46;
	objects = {

/* Begin PBXBuildFile section */
		63FE55851D9B322C00214182 /* AppDelegate.swift in Sources */ = {isa = PBXBuildFile; fileRef = 63FE55841D9B322C00214182 /* AppDelegate.swift */; };
		63FE55871D9B322C00214182 /* ViewController.swift in Sources */ = {isa = PBXBuildFile; fileRef = 63FE55861D9B322C00214182 /* ViewController.swift */; };
		63FE558A1D9B322C00214182 /* Main.storyboard in Resources */ = {isa = PBXBuildFile; fileRef = 63FE55881D9B322C00214182 /* Main.storyboard */; };
		63FE558C1D9B322C00214182 /* Assets.xcassets in Resources */ = {isa = PBXBuildFile; fileRef = 63FE558B1D9B322C00214182 /* Assets.xcassets */; };
		63FE558F1D9B322C00214182 /* LaunchScreen.storyboard in Resources */ = {isa = PBXBuildFile; fileRef = 63FE558D1D9B322C00214182 /* LaunchScreen.storyboard */; };
/* End PBXBuildFile section */

/* Begin PBXFileReference section */
		63FE55811D9B322C00214182 /* Multithreadingtutorial.app */ = {isa = PBXFileReference; explicitFileType = wrapper.application; includeInIndex = 0; path = Multithreadingtutorial.app; sourceTree = BUILT_PRODUCTS_DIR; };
		63FE55841D9B322C00214182 /* AppDelegate.swift */ = {isa = PBXFileReference; lastKnownFileType = sourcecode.swift; path = AppDelegate.swift; sourceTree = "<group>"; };
		63FE55861D9B322C00214182 /* ViewController.swift */ = {isa = PBXFileReference; lastKnownFileType = sourcecode.swift; path = ViewController.swift; sourceTree = "<group>"; };
		63FE55891D9B322C00214182 /* Base */ = {isa = PBXFileReference; lastKnownFileType = file.storyboard; name = Base; path = Base.lproj/Main.storyboard; sourceTree = "<group>"; };
		63FE558B1D9B322C00214182 /* Assets.xcassets */ = {isa = PBXFileReference; lastKnownFileType = folder.assetcatalog; path = Assets.xcassets; sourceTree = "<group>"; };
		63FE558E1D9B322C00214182 /* Base */ = {isa = PBXFileReference; lastKnownFileType = file.storyboard; name = Base; path = Base.lproj/LaunchScreen.storyboard; sourceTree = "<group>"; };
		63FE55901D9B322C00214182 /* Info.plist */ = {isa = PBXFileReference; lastKnownFileType = text.plist.xml; path = Info.plist; sourceTree = "<group>"; };
/* End PBXFileReference section */

/* Begin PBXFrameworksBuildPhase section */
		63FE557E1D9B322C00214182 /* Frameworks */ = {
			isa = PBXFrameworksBuildPhase;
			buildActionMask = 2147483647;
			files = (
			);
			runOnlyForDeploymentPostprocessing = 0;
		};
/* End PBXFrameworksBuildPhase section */

/* Begin PBXGroup section */
		63FE55781D9B322C00214182 = {
			isa = PBXGroup;
			children = (
				63FE55831D9B322C00214182 /* Multithreadingtutorial */,
				63FE55821D9B322C00214182 /* Products */,
			);
			sourceTree = "<group>";
		};
		63FE55821D9B322C00214182 /* Products */ = {
			isa = PBXGroup;
			children = (
				63FE55811D9B322C00214182 /* Multithreadingtutorial.app */,
			);
			name = Products;
			sourceTree = "<group>";
		};
		63FE55831D9B322C00214182 /* Multithreadingtutorial */ = {
			isa = PBXGroup;
			children = (
				63FE55841D9B322C00214182 /* AppDelegate.swift */,
				63FE55861D9B322C00214182 /* ViewController.swift */,
				63FE55881D9B322C00214182 /* Main.storyboard */,
				63FE558B1D9B322C00214182 /* Assets.xcassets */,
				63FE558D1D9B322C00214182 /* LaunchScreen.storyboard */,
				63FE55901D9B322C00214182 /* Info.plist */,
			);
			path = Multithreadingtutorial;
			sourceTree = "<group>";
		};
/* End PBXGroup section */

/* Begin PBXNativeTarget section */
		63FE55801D9B322C00214182 /* Multithreadingtutorial */ = {
			isa = PBXNativeTarget;
			buildConfigurationList = 63FE55931D9B322C00214182 /* Build configuration list for PBXNativeTarget "Multithreadingtutorial" */;
			buildPhases = (
				63FE557D1D9B322C00214182 /* Sources */,
				63FE557E1D9B322C00214182 /* Frameworks */,
				63FE557F1D9B322C00214182 /* Resources */,
			);
			buildRules = (
			);
			dependencies = (
			);
			name = Multithreadingtutorial;
			productName = Multithreadingtutorial;
			productReference = 63FE55811D9B322C00214182 /* Multithreadingtutorial.app */;
			productType = "com.apple.product-type.application";
		};
/* End PBXNativeTarget section */

/* Begin PBXProject section */
		63FE55791D9B322C00214182 /* Project object */ = {
			isa = PBXProject;
			attributes = {
				LastSwiftUpdateCheck = 0800;
				LastUpgradeCheck = 0800;
				ORGANIZATIONNAME = "Vladimir Romanov";
				TargetAttributes = {
					63FE55801D9B322C00214182 = {
						CreatedOnToolsVersion = 8.0;
						DevelopmentTeam = 6A69PZY62Z;
						ProvisioningStyle = Automatic;
					};
				};
			};
			buildConfigurationList = 63FE557C1D9B322C00214182 /* Build configuration list for PBXProject "Multithreadingtutorial" */;
			compatibilityVersion = "Xcode 3.2";
			developmentRegion = English;
			hasScannedForEncodings = 0;
			knownRegions = (
				en,
				Base,
			);
			mainGroup = 63FE55781D9B322C00214182;
			productRefGroup = 63FE55821D9B322C00214182 /* Products */;
			projectDirPath = "";
			projectRoot = "";
			targets = (
				63FE55801D9B322C00214182 /* Multithreadingtutorial */,
			);
		};
/* End PBXProject section */

/* Begin PBXResourcesBuildPhase section */
		63FE557F1D9B322C00214182 /* Resources */ = {
			isa = PBXResourcesBuildPhase;
			buildActionMask = 2147483647;
			files = (
				63FE558F1D9B322C00214182 /* LaunchScreen.storyboard in Resources */,
				63FE558C1D9B322C00214182 /* Assets.xcassets in Resources */,
				63FE558A1D9B322C00214182 /* Main.storyboard in Resources */,
			);
			runOnlyForDeploymentPostprocessing = 0;
		};
/* End PBXResourcesBuildPhase section */

/* Begin PBXSourcesBuildPhase section */
		63FE557D1D9B322C00214182 /* Sources */ = {
			isa = PBXSourcesBuildPhase;
			buildActionMask = 2147483647;
			files = (
				63FE55871D9B322C00214182 /* ViewController.swift in Sources */,
				63FE55851D9B322C00214182 /* AppDelegate.swift in Sources */,
			);
			runOnlyForDeploymentPostprocessing = 0;
		};
/* End PBXSourcesBuildPhase section */

/* Begin PBXVariantGroup section */
		63FE55881D9B322C00214182 /* Main.storyboard */ = {
			isa = PBXVariantGroup;
			children = (
				63FE55891D9B322C00214182 /* Base */,
			);
			name = Main.storyboard;
			sourceTree = "<group>";
		};
		63FE558D1D9B322C00214182 /* LaunchScreen.storyboard */ = {
			isa = PBXVariantGroup;
			children = (
				63FE558E1D9B322C00214182 /* Base */,
			);
			name = LaunchScreen.storyboard;
			sourceTree = "<group>";
		};
/* End PBXVariantGroup section */

/* Begin XCBuildConfiguration section */
		63FE55911D9B322C00214182 /* Debug */ = {
			isa = XCBuildConfiguration;
			buildSettings = {
				ALWAYS_SEARCH_USER_PATHS = NO;
				CLANG_ANALYZER_NONNULL = YES;
				CLANG_CXX_LANGUAGE_STANDARD = "gnu++0x";
				CLANG_CXX_LIBRARY = "libc++";
				CLANG_ENABLE_MODULES = YES;
				CLANG_ENABLE_OBJC_ARC = YES;
				CLANG_WARN_BOOL_CONVERSION = YES;
				CLANG_WARN_CONSTANT_CONVERSION = YES;
				CLANG_WARN_DIRECT_OBJC_ISA_USAGE = YES_ERROR;
				CLANG_WARN_DOCUMENTATION_COMMENTS = YES;
				CLANG_WARN_EMPTY_BODY = YES;
				CLANG_WARN_ENUM_CONVERSION = YES;
				CLANG_WARN_INFINITE_RECURSION = YES;
				CLANG_WARN_INT_CONVERSION = YES;
				CLANG_WARN_OBJC_ROOT_CLASS = YES_ERROR;
				CLANG_WARN_SUSPICIOUS_MOVES = YES;
				CLANG_WARN_UNREACHABLE_CODE = YES;
				CLANG_WARN__DUPLICATE_METHOD_MATCH = YES;
				"CODE_SIGN_IDENTITY[sdk=iphoneos*]" = "iPhone Developer";
				COPY_PHASE_STRIP = NO;
				DEBUG_INFORMATION_FORMAT = dwarf;
				ENABLE_STRICT_OBJC_MSGSEND = YES;
				ENABLE_TESTABILITY = YES;
				GCC_C_LANGUAGE_STANDARD = gnu99;
				GCC_DYNAMIC_NO_PIC = NO;
				GCC_NO_COMMON_BLOCKS = YES;
				GCC_OPTIMIZATION_LEVEL = 0;
				GCC_PREPROCESSOR_DEFINITIONS = (
					"DEBUG=1",
					"$(inherited)",
				);
				GCC_WARN_64_TO_32_BIT_CONVERSION = YES;
				GCC_WARN_ABOUT_RETURN_TYPE = YES_ERROR;
				GCC_WARN_UNDECLARED_SELECTOR = YES;
				GCC_WARN_UNINITIALIZED_AUTOS = YES_AGGRESSIVE;
				GCC_WARN_UNUSED_FUNCTION = YES;
				GCC_WARN_UNUSED_VARIABLE = YES;
				IPHONEOS_DEPLOYMENT_TARGET = 10.0;
				MTL_ENABLE_DEBUG_INFO = YES;
				ONLY_ACTIVE_ARCH = YES;
				SDKROOT = iphoneos;
				SWIFT_ACTIVE_COMPILATION_CONDITIONS = DEBUG;
				SWIFT_OPTIMIZATION_LEVEL = "-Onone";
				TARGETED_DEVICE_FAMILY = "1,2";
			};
			name = Debug;
		};
		63FE55921D9B322C00214182 /* Release */ = {
			isa = XCBuildConfiguration;
			buildSettings = {
				ALWAYS_SEARCH_USER_PATHS = NO;
				CLANG_ANALYZER_NONNULL = YES;
				CLANG_CXX_LANGUAGE_STANDARD = "gnu++0x";
				CLANG_CXX_LIBRARY = "libc++";
				CLANG_ENABLE_MODULES = YES;
				CLANG_ENABLE_OBJC_ARC = YES;
				CLANG_WARN_BOOL_CONVERSION = YES;
				CLANG_WARN_CONSTANT_CONVERSION = YES;
				CLANG_WARN_DIRECT_OBJC_ISA_USAGE = YES_ERROR;
				CLANG_WARN_DOCUMENTATION_COMMENTS = YES;
				CLANG_WARN_EMPTY_BODY = YES;
				CLANG_WARN_ENUM_CONVERSION = YES;
				CLANG_WARN_INFINITE_RECURSION = YES;
				CLANG_WARN_INT_CONVERSION = YES;
				CLANG_WARN_OBJC_ROOT_CLASS = YES_ERROR;
				CLANG_WARN_SUSPICIOUS_MOVES = YES;
				CLANG_WARN_UNREACHABLE_CODE = YES;
				CLANG_WARN__DUPLICATE_METHOD_MATCH = YES;
				"CODE_SIGN_IDENTITY[sdk=iphoneos*]" = "iPhone Developer";
				COPY_PHASE_STRIP = NO;
				DEBUG_INFORMATION_FORMAT = "dwarf-with-dsym";
				ENABLE_NS_ASSERTIONS = NO;
				ENABLE_STRICT_OBJC_MSGSEND = YES;
				GCC_C_LANGUAGE_STANDARD = gnu99;
				GCC_NO_COMMON_BLOCKS = YES;
				GCC_WARN_64_TO_32_BIT_CONVERSION = YES;
				GCC_WARN_ABOUT_RETURN_TYPE = YES_ERROR;
				GCC_WARN_UNDECLARED_SELECTOR = YES;
				GCC_WARN_UNINITIALIZED_AUTOS = YES_AGGRESSIVE;
				GCC_WARN_UNUSED_FUNCTION = YES;
				GCC_WARN_UNUSED_VARIABLE = YES;
				IPHONEOS_DEPLOYMENT_TARGET = 10.0;
				MTL_ENABLE_DEBUG_INFO = NO;
				SDKROOT = iphoneos;
				SWIFT_OPTIMIZATION_LEVEL = "-Owholemodule";
				TARGETED_DEVICE_FAMILY = "1,2";
				VALIDATE_PRODUCT = YES;
			};
			name = Release;
		};
		63FE55941D9B322C00214182 /* Debug */ = {
			isa = XCBuildConfiguration;
			buildSettings = {
				ASSETCATALOG_COMPILER_APPICON_NAME = AppIcon;
				DEVELOPMENT_TEAM = 6A69PZY62Z;
				INFOPLIST_FILE = Multithreadingtutorial/Info.plist;
				LD_RUNPATH_SEARCH_PATHS = "$(inherited) @executable_path/Frameworks";
				PRODUCT_BUNDLE_IDENTIFIER = com.vromanov.Multithreadingtutorial;
				PRODUCT_NAME = "$(TARGET_NAME)";
				SWIFT_VERSION = 3.0;
			};
			name = Debug;
		};
		63FE55951D9B322C00214182 /* Release */ = {
			isa = XCBuildConfiguration;
			buildSettings = {
				ASSETCATALOG_COMPILER_APPICON_NAME = AppIcon;
				DEVELOPMENT_TEAM = 6A69PZY62Z;
				INFOPLIST_FILE = Multithreadingtutorial/Info.plist;
				LD_RUNPATH_SEARCH_PATHS = "$(inherited) @executable_path/Frameworks";
				PRODUCT_BUNDLE_IDENTIFIER = com.vromanov.Multithreadingtutorial;
				PRODUCT_NAME = "$(TARGET_NAME)";
				SWIFT_VERSION = 3.0;
			};
			name = Release;
		};
/* End XCBuildConfiguration section */

/* Begin XCConfigurationList section */
		63FE557C1D9B322C00214182 /* Build configuration list for PBXProject "Multithreadingtutorial" */ = {
			isa = XCConfigurationList;
			buildConfigurations = (
				63FE55911D9B322C00214182 /* Debug */,
				63FE55921D9B322C00214182 /* Release */,
			);
			defaultConfigurationIsVisible = 0;
			defaultConfigurationName = Release;
		};
		63FE55931D9B322C00214182 /* Build configuration list for PBXNativeTarget "Multithreadingtutorial" */ = {
			isa = XCConfigurationList;
			buildConfigurations = (
				63FE55941D9B322C00214182 /* Debug */,
				63FE55951D9B322C00214182 /* Release */,
			);
			defaultConfigurationIsVisible = 0;
		};
/* End XCConfigurationList section */
	};
	rootObject = 63FE55791D9B322C00214182 /* Project object */;
}
